
Microsoft Visual Studio Solution File, Format Version 12.00
# Visual Studio Version 17
VisualStudioVersion = 17.5.33627.172
MinimumVisualStudioVersion = 10.0.40219.1
Project("{778DAE3C-4631-46EA-AA77-85C1314464D9}") = "桌面锁屏自动换", "本地桌面锁屏壁纸自动换\桌面锁屏自动换.vbproj", "{F9DF67BC-02EC-4F2A-993C-BFACAFF91E03}"
EndProject
Project("{C7167F0D-BC9F-4E6E-AFE1-012C56B48DB5}") = "打包项目", "打包项目\打包项目.wapproj", "{20C9A3B0-CA95-4697-919D-7591798B398F}"
EndProject
Project("{8BC9CEB8-8B4A-11D0-8D11-00A0C91BC942}") = "桌面壁纸取设", "桌面壁纸取设\桌面壁纸取设.vcxproj", "{2D291CB9-9DF0-4871-BA48-A769711AE6BC}"
EndProject
Global
	GlobalSection(SolutionConfigurationPlatforms) = preSolution
		Debug|x64 = Debug|x64
		Release|x64 = Release|x64
	EndGlobalSection
	GlobalSection(ProjectConfigurationPlatforms) = postSolution
		{F9DF67BC-02EC-4F2A-993C-BFACAFF91E03}.Debug|x64.ActiveCfg = Debug|x64
		{F9DF67BC-02EC-4F2A-993C-BFACAFF91E03}.Debug|x64.Build.0 = Debug|x64
		{F9DF67BC-02EC-4F2A-993C-BFACAFF91E03}.Release|x64.ActiveCfg = Release|x64
		{F9DF67BC-02EC-4F2A-993C-BFACAFF91E03}.Release|x64.Build.0 = Release|x64
		{20C9A3B0-CA95-4697-919D-7591798B398F}.Debug|x64.ActiveCfg = Debug|x64
		{20C9A3B0-CA95-4697-919D-7591798B398F}.Debug|x64.Build.0 = Debug|x64
		{20C9A3B0-CA95-4697-919D-7591798B398F}.Debug|x64.Deploy.0 = Debug|x64
		{20C9A3B0-CA95-4697-919D-7591798B398F}.Release|x64.ActiveCfg = Release|x64
		{20C9A3B0-CA95-4697-919D-7591798B398F}.Release|x64.Build.0 = Release|x64
		{20C9A3B0-CA95-4697-919D-7591798B398F}.Release|x64.Deploy.0 = Release|x64
		{2D291CB9-9DF0-4871-BA48-A769711AE6BC}.Debug|x64.ActiveCfg = Debug|x64
		{2D291CB9-9DF0-4871-BA48-A769711AE6BC}.Debug|x64.Build.0 = Debug|x64
		{2D291CB9-9DF0-4871-BA48-A769711AE6BC}.Release|x64.ActiveCfg = Release|x64
		{2D291CB9-9DF0-4871-BA48-A769711AE6BC}.Release|x64.Build.0 = Release|x64
	EndGlobalSection
	GlobalSection(SolutionProperties) = preSolution
		HideSolutionNode = FALSE
	EndGlobalSection
	GlobalSection(ExtensibilityGlobals) = postSolution
		SolutionGuid = {FBB453CD-9AFC-47F9-ADB0-7B32C19101D6}
	EndGlobalSection
EndGlobal
