
Microsoft Visual Studio Solution File, Format Version 12.00
# Visual Studio Version 17
VisualStudioVersion = 17.5.33627.172
MinimumVisualStudioVersion = 10.0.40219.1
Project("{778DAE3C-4631-46EA-AA77-85C1314464D9}") = "本地桌面锁屏壁纸自动换", "本地桌面锁屏壁纸自动换\本地桌面锁屏壁纸自动换.vbproj", "{F9DF67BC-02EC-4F2A-993C-BFACAFF91E03}"
EndProject
Project("{C7167F0D-BC9F-4E6E-AFE1-012C56B48DB5}") = "打包项目", "打包项目\打包项目.wapproj", "{20C9A3B0-CA95-4697-919D-7591798B398F}"
EndProject
Project("{8BC9CEB8-8B4A-11D0-8D11-00A0C91BC942}") = "桌面锁屏取设", "桌面锁屏取设\桌面锁屏取设.vcxproj", "{2D291CB9-9DF0-4871-BA48-A769711AE6BC}"
EndProject
Global
	GlobalSection(SolutionConfigurationPlatforms) = preSolution
		Debug|Any CPU = Debug|Any CPU
		Debug|ARM = Debug|ARM
		Debug|ARM64 = Debug|ARM64
		Debug|x64 = Debug|x64
		Debug|x86 = Debug|x86
		Release|Any CPU = Release|Any CPU
		Release|ARM = Release|ARM
		Release|ARM64 = Release|ARM64
		Release|x64 = Release|x64
		Release|x86 = Release|x86
	EndGlobalSection
	GlobalSection(ProjectConfigurationPlatforms) = postSolution
		{F9DF67BC-02EC-4F2A-993C-BFACAFF91E03}.Debug|Any CPU.ActiveCfg = Debug|Any CPU
		{F9DF67BC-02EC-4F2A-993C-BFACAFF91E03}.Debug|Any CPU.Build.0 = Debug|Any CPU
		{F9DF67BC-02EC-4F2A-993C-BFACAFF91E03}.Debug|ARM.ActiveCfg = Debug|Any CPU
		{F9DF67BC-02EC-4F2A-993C-BFACAFF91E03}.Debug|ARM.Build.0 = Debug|Any CPU
		{F9DF67BC-02EC-4F2A-993C-BFACAFF91E03}.Debug|ARM64.ActiveCfg = Debug|Any CPU
		{F9DF67BC-02EC-4F2A-993C-BFACAFF91E03}.Debug|ARM64.Build.0 = Debug|Any CPU
		{F9DF67BC-02EC-4F2A-993C-BFACAFF91E03}.Debug|x64.ActiveCfg = Debug|Any CPU
		{F9DF67BC-02EC-4F2A-993C-BFACAFF91E03}.Debug|x64.Build.0 = Debug|Any CPU
		{F9DF67BC-02EC-4F2A-993C-BFACAFF91E03}.Debug|x86.ActiveCfg = Debug|Any CPU
		{F9DF67BC-02EC-4F2A-993C-BFACAFF91E03}.Debug|x86.Build.0 = Debug|Any CPU
		{F9DF67BC-02EC-4F2A-993C-BFACAFF91E03}.Release|Any CPU.ActiveCfg = Release|Any CPU
		{F9DF67BC-02EC-4F2A-993C-BFACAFF91E03}.Release|Any CPU.Build.0 = Release|Any CPU
		{F9DF67BC-02EC-4F2A-993C-BFACAFF91E03}.Release|ARM.ActiveCfg = Release|Any CPU
		{F9DF67BC-02EC-4F2A-993C-BFACAFF91E03}.Release|ARM.Build.0 = Release|Any CPU
		{F9DF67BC-02EC-4F2A-993C-BFACAFF91E03}.Release|ARM64.ActiveCfg = Release|Any CPU
		{F9DF67BC-02EC-4F2A-993C-BFACAFF91E03}.Release|ARM64.Build.0 = Release|Any CPU
		{F9DF67BC-02EC-4F2A-993C-BFACAFF91E03}.Release|x64.ActiveCfg = Release|Any CPU
		{F9DF67BC-02EC-4F2A-993C-BFACAFF91E03}.Release|x64.Build.0 = Release|Any CPU
		{F9DF67BC-02EC-4F2A-993C-BFACAFF91E03}.Release|x86.ActiveCfg = Release|Any CPU
		{F9DF67BC-02EC-4F2A-993C-BFACAFF91E03}.Release|x86.Build.0 = Release|Any CPU
		{20C9A3B0-CA95-4697-919D-7591798B398F}.Debug|Any CPU.ActiveCfg = Debug|Any CPU
		{20C9A3B0-CA95-4697-919D-7591798B398F}.Debug|Any CPU.Build.0 = Debug|Any CPU
		{20C9A3B0-CA95-4697-919D-7591798B398F}.Debug|Any CPU.Deploy.0 = Debug|Any CPU
		{20C9A3B0-CA95-4697-919D-7591798B398F}.Debug|ARM.ActiveCfg = Debug|ARM
		{20C9A3B0-CA95-4697-919D-7591798B398F}.Debug|ARM.Build.0 = Debug|ARM
		{20C9A3B0-CA95-4697-919D-7591798B398F}.Debug|ARM.Deploy.0 = Debug|ARM
		{20C9A3B0-CA95-4697-919D-7591798B398F}.Debug|ARM64.ActiveCfg = Debug|ARM64
		{20C9A3B0-CA95-4697-919D-7591798B398F}.Debug|ARM64.Build.0 = Debug|ARM64
		{20C9A3B0-CA95-4697-919D-7591798B398F}.Debug|ARM64.Deploy.0 = Debug|ARM64
		{20C9A3B0-CA95-4697-919D-7591798B398F}.Debug|x64.ActiveCfg = Debug|x64
		{20C9A3B0-CA95-4697-919D-7591798B398F}.Debug|x64.Build.0 = Debug|x64
		{20C9A3B0-CA95-4697-919D-7591798B398F}.Debug|x64.Deploy.0 = Debug|x64
		{20C9A3B0-CA95-4697-919D-7591798B398F}.Debug|x86.ActiveCfg = Debug|x86
		{20C9A3B0-CA95-4697-919D-7591798B398F}.Debug|x86.Build.0 = Debug|x86
		{20C9A3B0-CA95-4697-919D-7591798B398F}.Debug|x86.Deploy.0 = Debug|x86
		{20C9A3B0-CA95-4697-919D-7591798B398F}.Release|Any CPU.ActiveCfg = Release|Any CPU
		{20C9A3B0-CA95-4697-919D-7591798B398F}.Release|Any CPU.Build.0 = Release|Any CPU
		{20C9A3B0-CA95-4697-919D-7591798B398F}.Release|Any CPU.Deploy.0 = Release|Any CPU
		{20C9A3B0-CA95-4697-919D-7591798B398F}.Release|ARM.ActiveCfg = Release|ARM
		{20C9A3B0-CA95-4697-919D-7591798B398F}.Release|ARM.Build.0 = Release|ARM
		{20C9A3B0-CA95-4697-919D-7591798B398F}.Release|ARM.Deploy.0 = Release|ARM
		{20C9A3B0-CA95-4697-919D-7591798B398F}.Release|ARM64.ActiveCfg = Release|ARM64
		{20C9A3B0-CA95-4697-919D-7591798B398F}.Release|ARM64.Build.0 = Release|ARM64
		{20C9A3B0-CA95-4697-919D-7591798B398F}.Release|ARM64.Deploy.0 = Release|ARM64
		{20C9A3B0-CA95-4697-919D-7591798B398F}.Release|x64.ActiveCfg = Release|x64
		{20C9A3B0-CA95-4697-919D-7591798B398F}.Release|x64.Build.0 = Release|x64
		{20C9A3B0-CA95-4697-919D-7591798B398F}.Release|x64.Deploy.0 = Release|x64
		{20C9A3B0-CA95-4697-919D-7591798B398F}.Release|x86.ActiveCfg = Release|x86
		{20C9A3B0-CA95-4697-919D-7591798B398F}.Release|x86.Build.0 = Release|x86
		{20C9A3B0-CA95-4697-919D-7591798B398F}.Release|x86.Deploy.0 = Release|x86
		{2D291CB9-9DF0-4871-BA48-A769711AE6BC}.Debug|Any CPU.ActiveCfg = Debug|x64
		{2D291CB9-9DF0-4871-BA48-A769711AE6BC}.Debug|Any CPU.Build.0 = Debug|x64
		{2D291CB9-9DF0-4871-BA48-A769711AE6BC}.Debug|ARM.ActiveCfg = Debug|x64
		{2D291CB9-9DF0-4871-BA48-A769711AE6BC}.Debug|ARM.Build.0 = Debug|x64
		{2D291CB9-9DF0-4871-BA48-A769711AE6BC}.Debug|ARM64.ActiveCfg = Debug|x64
		{2D291CB9-9DF0-4871-BA48-A769711AE6BC}.Debug|ARM64.Build.0 = Debug|x64
		{2D291CB9-9DF0-4871-BA48-A769711AE6BC}.Debug|x64.ActiveCfg = Debug|x64
		{2D291CB9-9DF0-4871-BA48-A769711AE6BC}.Debug|x64.Build.0 = Debug|x64
		{2D291CB9-9DF0-4871-BA48-A769711AE6BC}.Debug|x86.ActiveCfg = Debug|Win32
		{2D291CB9-9DF0-4871-BA48-A769711AE6BC}.Debug|x86.Build.0 = Debug|Win32
		{2D291CB9-9DF0-4871-BA48-A769711AE6BC}.Release|Any CPU.ActiveCfg = Release|x64
		{2D291CB9-9DF0-4871-BA48-A769711AE6BC}.Release|Any CPU.Build.0 = Release|x64
		{2D291CB9-9DF0-4871-BA48-A769711AE6BC}.Release|ARM.ActiveCfg = Release|x64
		{2D291CB9-9DF0-4871-BA48-A769711AE6BC}.Release|ARM.Build.0 = Release|x64
		{2D291CB9-9DF0-4871-BA48-A769711AE6BC}.Release|ARM64.ActiveCfg = Release|x64
		{2D291CB9-9DF0-4871-BA48-A769711AE6BC}.Release|ARM64.Build.0 = Release|x64
		{2D291CB9-9DF0-4871-BA48-A769711AE6BC}.Release|x64.ActiveCfg = Release|x64
		{2D291CB9-9DF0-4871-BA48-A769711AE6BC}.Release|x64.Build.0 = Release|x64
		{2D291CB9-9DF0-4871-BA48-A769711AE6BC}.Release|x86.ActiveCfg = Release|Win32
		{2D291CB9-9DF0-4871-BA48-A769711AE6BC}.Release|x86.Build.0 = Release|Win32
	EndGlobalSection
	GlobalSection(SolutionProperties) = preSolution
		HideSolutionNode = FALSE
	EndGlobalSection
	GlobalSection(ExtensibilityGlobals) = postSolution
		SolutionGuid = {FBB453CD-9AFC-47F9-ADB0-7B32C19101D6}
	EndGlobalSection
EndGlobal
